
Microsoft Visual Studio Solution File, Format Version 12.00
# Visual Studio 15
VisualStudioVersion = 15.0.33026.149
MinimumVisualStudioVersion = 10.0.40219.1
Project("{8BC9CEB8-8B4A-11D0-8D11-00A0C91BC942}") = "game_c++", "game_c++\game_c++.vcxproj", "{E747FA77-4446-4DDA-BB32-B0621BDDCF07}"
EndProject
Project("{8BC9CEB8-8B4A-11D0-8D11-00A0C91BC942}") = "game_stats0.1", "game_stats0.1\game_stats0.1.vcxproj", "{95CBACEA-7283-4004-BDCF-4E6EB2E9EBB7}"
EndProject
Project("{8BC9CEB8-8B4A-11D0-8D11-00A0C91BC942}") = "LostFortune", "LostFortune\LostFortune.vcxproj", "{66E85762-3658-4AC2-9123-4FEEEF107C06}"
EndProject
Project("{8BC9CEB8-8B4A-11D0-8D11-00A0C91BC942}") = "homework1", "homework 1\homework 1.vcxproj", "{3A591B65-5139-4E3F-9675-1744F4810BA1}"
EndProject
Project("{8BC9CEB8-8B4A-11D0-8D11-00A0C91BC942}") = "homework_1_1", "homework_1_1\homework_1_1.vcxproj", "{69BC38D2-123A-4420-8181-AA33B888DEF4}"
EndProject
Project("{8BC9CEB8-8B4A-11D0-8D11-00A0C91BC942}") = "menu", "menu\menu.vcxproj", "{06A1A5CC-BD2E-40DD-A568-8A458F44B677}"
EndProject
Project("{8BC9CEB8-8B4A-11D0-8D11-00A0C91BC942}") = "counter_with_exception", "counter_with_exception\counter_with_exception.vcxproj", "{47995494-FBAD-4694-BD30-1228F908BB6D}"
EndProject
Project("{8BC9CEB8-8B4A-11D0-8D11-00A0C91BC942}") = "login", "login\login.vcxproj", "{D1508038-13CF-43D9-ABFA-1780DD0B77B2}"
EndProject
Project("{8BC9CEB8-8B4A-11D0-8D11-00A0C91BC942}") = "randG", "randG\randG.vcxproj", "{20A27FFC-0DDC-4B8C-86FA-142148F7D393}"
EndProject
Project("{8BC9CEB8-8B4A-11D0-8D11-00A0C91BC942}") = "randMyNumber", "randMyNumber\randMyNumber.vcxproj", "{BE536BEE-DFD8-4C66-BB7F-D3C501430692}"
EndProject
Project("{8BC9CEB8-8B4A-11D0-8D11-00A0C91BC942}") = "ComputerGuessesTheNumber", "ComputerGuessesTheNumber\ComputerGuessesTheNumber.vcxproj", "{D0810D57-2CCA-4A1D-AFE8-4DF9A6134E86}"
EndProject
Project("{8BC9CEB8-8B4A-11D0-8D11-00A0C91BC942}") = "forX", "forX\forX.vcxproj", "{26A73E88-51FD-4277-B341-331A684A56BD}"
EndProject
Project("{8BC9CEB8-8B4A-11D0-8D11-00A0C91BC942}") = "StringTester_0.1", "StringTester_0.1\StringTester_0.1.vcxproj", "{3F476190-36E9-4C8E-ADC9-844C260A17C7}"
EndProject
Project("{8BC9CEB8-8B4A-11D0-8D11-00A0C91BC942}") = "Hero_Inventory", "Hero_Inventory\Hero_Inventory.vcxproj", "{85BB107C-E02E-4C22-99CC-55CEF170C9BC}"
EndProject
Project("{8BC9CEB8-8B4A-11D0-8D11-00A0C91BC942}") = "XOXO", "XOXO\XOXO.vcxproj", "{C417DFF5-2B08-461A-B2CE-8D41D94A0F3D}"
EndProject
Project("{8BC9CEB8-8B4A-11D0-8D11-00A0C91BC942}") = "Q1", "Q1\Q1.vcxproj", "{CB298B4F-3443-4F2E-B937-D9FE2F0F87E1}"
EndProject
Project("{8BC9CEB8-8B4A-11D0-8D11-00A0C91BC942}") = "Homework_3", "Homework_3\Homework_3.vcxproj", "{85D615A8-50C9-4CBC-80AB-22AFC330D9BB}"
EndProject
Project("{8BC9CEB8-8B4A-11D0-8D11-00A0C91BC942}") = "Hero_inventory_2", "Hero_inventory_2\Hero_inventory_2.vcxproj", "{24505341-1ED8-4F22-AF13-C08C391C0532}"
EndProject
Project("{8BC9CEB8-8B4A-11D0-8D11-00A0C91BC942}") = "Hero_inventori_3", "Hero_inventori_3\Hero_inventori_3.vcxproj", "{39730180-D2B3-42AF-937B-64F19744F27E}"
EndProject
Project("{8BC9CEB8-8B4A-11D0-8D11-00A0C91BC942}") = "High_Scores", "High_Scores\High_Scores.vcxproj", "{7FE0C48C-DA5B-4769-8393-D0E0AEB4320E}"
EndProject
Project("{8BC9CEB8-8B4A-11D0-8D11-00A0C91BC942}") = "ConsoleApplication1", "ConsoleApplication1\ConsoleApplication1.vcxproj", "{C8B440C2-1D1B-4489-B57B-A175FBE0840F}"
EndProject
Project("{8BC9CEB8-8B4A-11D0-8D11-00A0C91BC942}") = "Homework_4", "Homework_4\Homework_4.vcxproj", "{527E6227-A7E2-48BD-8067-581B8907D960}"
EndProject
Project("{8BC9CEB8-8B4A-11D0-8D11-00A0C91BC942}") = "YN", "YN\YN.vcxproj", "{34C00915-A4ED-4D1C-A0AE-1CD9E3F1DA02}"
EndProject
Project("{8BC9CEB8-8B4A-11D0-8D11-00A0C91BC942}") = "scoping", "scoping\scoping.vcxproj", "{4C4A48B8-262A-4962-B77F-4317A315E757}"
EndProject
Project("{8BC9CEB8-8B4A-11D0-8D11-00A0C91BC942}") = "Glob", "Glob\Glob.vcxproj", "{CEE6DFE5-5F29-4B28-A8AC-D63F01EB5FD4}"
EndProject
Project("{8BC9CEB8-8B4A-11D0-8D11-00A0C91BC942}") = "give_me_a_number", "give_me_a_number\give_me_a_number.vcxproj", "{89AB1B1E-58E8-4356-ABC0-E959C7307561}"
EndProject
Project("{8BC9CEB8-8B4A-11D0-8D11-00A0C91BC942}") = "function_overload", "function_overload\function_overload.vcxproj", "{C60EC198-8395-4240-959E-88AF4B79FBDB}"
EndProject
Project("{8BC9CEB8-8B4A-11D0-8D11-00A0C91BC942}") = "TakingDamage", "TakingDamage\TakingDamage.vcxproj", "{543847F8-F651-46DC-B913-9032725D17B0}"
EndProject
Project("{8BC9CEB8-8B4A-11D0-8D11-00A0C91BC942}") = "Mad-Lib", "Mad-Lib\Mad-Lib.vcxproj", "{DEEB505B-9DD0-4266-96CA-7C18148C1AF6}"
EndProject
Project("{8BC9CEB8-8B4A-11D0-8D11-00A0C91BC942}") = "Homework_5.1", "Homework_5.1\Homework_5.1.vcxproj", "{F5B969B4-E2EE-4351-B0B4-881E7D837802}"
EndProject
Project("{8BC9CEB8-8B4A-11D0-8D11-00A0C91BC942}") = "Homework_5.2", "Homework_5.2\Homework_5.2.vcxproj", "{7D4181D5-BE06-4933-848B-4F245E54B948}"
EndProject
Project("{8BC9CEB8-8B4A-11D0-8D11-00A0C91BC942}") = "Referencing", "Referencing\Referencing.vcxproj", "{70A3FD95-3673-444F-9E70-B39BA3DD614E}"
EndProject
Project("{8BC9CEB8-8B4A-11D0-8D11-00A0C91BC942}") = "swap", "swap\swap.vcxproj", "{02CCD602-BF22-4F77-89E0-AFAA814D0E97}"
EndProject
Project("{8BC9CEB8-8B4A-11D0-8D11-00A0C91BC942}") = "Swap2", "Swap2\Swap2.vcxproj", "{30436CFC-8C56-43E5-991C-3DA608B71228}"
EndProject
Project("{8BC9CEB8-8B4A-11D0-8D11-00A0C91BC942}") = "InventoryReferencer", "InventoryReferencer\InventoryReferencer.vcxproj", "{F9C13EB0-293D-4C77-BE31-EA45F83B71E5}"
EndProject
Project("{8BC9CEB8-8B4A-11D0-8D11-00A0C91BC942}") = "Game_OXO", "Game_OXO\Game_OXO.vcxproj", "{C41CA64B-C334-4F5C-B585-004B96545CFC}"
EndProject
Project("{8BC9CEB8-8B4A-11D0-8D11-00A0C91BC942}") = "CA", "CA\CA.vcxproj", "{47BEE260-4F28-40F4-A48A-0EB6DAAAFF67}"
EndProject
Project("{8BC9CEB8-8B4A-11D0-8D11-00A0C91BC942}") = "Homework_6", "Homework_6\Homework_6.vcxproj", "{5AA83DA9-27CE-49E7-9554-5843A4222312}"
EndProject
Project("{8BC9CEB8-8B4A-11D0-8D11-00A0C91BC942}") = "Pointing", "Pointing\Pointing.vcxproj", "{F6CC8894-F2EB-4699-8CFB-7E88435C58BD}"
EndProject
Global
	GlobalSection(SolutionConfigurationPlatforms) = preSolution
		Debug|x64 = Debug|x64
		Debug|x86 = Debug|x86
		Release|x64 = Release|x64
		Release|x86 = Release|x86
	EndGlobalSection
	GlobalSection(ProjectConfigurationPlatforms) = postSolution
		{E747FA77-4446-4DDA-BB32-B0621BDDCF07}.Debug|x64.ActiveCfg = Debug|x64
		{E747FA77-4446-4DDA-BB32-B0621BDDCF07}.Debug|x64.Build.0 = Debug|x64
		{E747FA77-4446-4DDA-BB32-B0621BDDCF07}.Debug|x86.ActiveCfg = Debug|Win32
		{E747FA77-4446-4DDA-BB32-B0621BDDCF07}.Debug|x86.Build.0 = Debug|Win32
		{E747FA77-4446-4DDA-BB32-B0621BDDCF07}.Release|x64.ActiveCfg = Release|x64
		{E747FA77-4446-4DDA-BB32-B0621BDDCF07}.Release|x64.Build.0 = Release|x64
		{E747FA77-4446-4DDA-BB32-B0621BDDCF07}.Release|x86.ActiveCfg = Release|Win32
		{E747FA77-4446-4DDA-BB32-B0621BDDCF07}.Release|x86.Build.0 = Release|Win32
		{95CBACEA-7283-4004-BDCF-4E6EB2E9EBB7}.Debug|x64.ActiveCfg = Debug|x64
		{95CBACEA-7283-4004-BDCF-4E6EB2E9EBB7}.Debug|x64.Build.0 = Debug|x64
		{95CBACEA-7283-4004-BDCF-4E6EB2E9EBB7}.Debug|x86.ActiveCfg = Debug|Win32
		{95CBACEA-7283-4004-BDCF-4E6EB2E9EBB7}.Debug|x86.Build.0 = Debug|Win32
		{95CBACEA-7283-4004-BDCF-4E6EB2E9EBB7}.Release|x64.ActiveCfg = Release|x64
		{95CBACEA-7283-4004-BDCF-4E6EB2E9EBB7}.Release|x64.Build.0 = Release|x64
		{95CBACEA-7283-4004-BDCF-4E6EB2E9EBB7}.Release|x86.ActiveCfg = Release|Win32
		{95CBACEA-7283-4004-BDCF-4E6EB2E9EBB7}.Release|x86.Build.0 = Release|Win32
		{66E85762-3658-4AC2-9123-4FEEEF107C06}.Debug|x64.ActiveCfg = Debug|x64
		{66E85762-3658-4AC2-9123-4FEEEF107C06}.Debug|x64.Build.0 = Debug|x64
		{66E85762-3658-4AC2-9123-4FEEEF107C06}.Debug|x86.ActiveCfg = Debug|Win32
		{66E85762-3658-4AC2-9123-4FEEEF107C06}.Debug|x86.Build.0 = Debug|Win32
		{66E85762-3658-4AC2-9123-4FEEEF107C06}.Release|x64.ActiveCfg = Release|x64
		{66E85762-3658-4AC2-9123-4FEEEF107C06}.Release|x64.Build.0 = Release|x64
		{66E85762-3658-4AC2-9123-4FEEEF107C06}.Release|x86.ActiveCfg = Release|Win32
		{66E85762-3658-4AC2-9123-4FEEEF107C06}.Release|x86.Build.0 = Release|Win32
		{3A591B65-5139-4E3F-9675-1744F4810BA1}.Debug|x64.ActiveCfg = Debug|x64
		{3A591B65-5139-4E3F-9675-1744F4810BA1}.Debug|x64.Build.0 = Debug|x64
		{3A591B65-5139-4E3F-9675-1744F4810BA1}.Debug|x86.ActiveCfg = Debug|Win32
		{3A591B65-5139-4E3F-9675-1744F4810BA1}.Debug|x86.Build.0 = Debug|Win32
		{3A591B65-5139-4E3F-9675-1744F4810BA1}.Release|x64.ActiveCfg = Release|x64
		{3A591B65-5139-4E3F-9675-1744F4810BA1}.Release|x64.Build.0 = Release|x64
		{3A591B65-5139-4E3F-9675-1744F4810BA1}.Release|x86.ActiveCfg = Release|Win32
		{3A591B65-5139-4E3F-9675-1744F4810BA1}.Release|x86.Build.0 = Release|Win32
		{69BC38D2-123A-4420-8181-AA33B888DEF4}.Debug|x64.ActiveCfg = Debug|x64
		{69BC38D2-123A-4420-8181-AA33B888DEF4}.Debug|x64.Build.0 = Debug|x64
		{69BC38D2-123A-4420-8181-AA33B888DEF4}.Debug|x86.ActiveCfg = Debug|Win32
		{69BC38D2-123A-4420-8181-AA33B888DEF4}.Debug|x86.Build.0 = Debug|Win32
		{69BC38D2-123A-4420-8181-AA33B888DEF4}.Release|x64.ActiveCfg = Release|x64
		{69BC38D2-123A-4420-8181-AA33B888DEF4}.Release|x64.Build.0 = Release|x64
		{69BC38D2-123A-4420-8181-AA33B888DEF4}.Release|x86.ActiveCfg = Release|Win32
		{69BC38D2-123A-4420-8181-AA33B888DEF4}.Release|x86.Build.0 = Release|Win32
		{06A1A5CC-BD2E-40DD-A568-8A458F44B677}.Debug|x64.ActiveCfg = Debug|x64
		{06A1A5CC-BD2E-40DD-A568-8A458F44B677}.Debug|x64.Build.0 = Debug|x64
		{06A1A5CC-BD2E-40DD-A568-8A458F44B677}.Debug|x86.ActiveCfg = Debug|Win32
		{06A1A5CC-BD2E-40DD-A568-8A458F44B677}.Debug|x86.Build.0 = Debug|Win32
		{06A1A5CC-BD2E-40DD-A568-8A458F44B677}.Release|x64.ActiveCfg = Release|x64
		{06A1A5CC-BD2E-40DD-A568-8A458F44B677}.Release|x64.Build.0 = Release|x64
		{06A1A5CC-BD2E-40DD-A568-8A458F44B677}.Release|x86.ActiveCfg = Release|Win32
		{06A1A5CC-BD2E-40DD-A568-8A458F44B677}.Release|x86.Build.0 = Release|Win32
		{47995494-FBAD-4694-BD30-1228F908BB6D}.Debug|x64.ActiveCfg = Debug|x64
		{47995494-FBAD-4694-BD30-1228F908BB6D}.Debug|x64.Build.0 = Debug|x64
		{47995494-FBAD-4694-BD30-1228F908BB6D}.Debug|x86.ActiveCfg = Debug|Win32
		{47995494-FBAD-4694-BD30-1228F908BB6D}.Debug|x86.Build.0 = Debug|Win32
		{47995494-FBAD-4694-BD30-1228F908BB6D}.Release|x64.ActiveCfg = Release|x64
		{47995494-FBAD-4694-BD30-1228F908BB6D}.Release|x64.Build.0 = Release|x64
		{47995494-FBAD-4694-BD30-1228F908BB6D}.Release|x86.ActiveCfg = Release|Win32
		{47995494-FBAD-4694-BD30-1228F908BB6D}.Release|x86.Build.0 = Release|Win32
		{D1508038-13CF-43D9-ABFA-1780DD0B77B2}.Debug|x64.ActiveCfg = Debug|x64
		{D1508038-13CF-43D9-ABFA-1780DD0B77B2}.Debug|x64.Build.0 = Debug|x64
		{D1508038-13CF-43D9-ABFA-1780DD0B77B2}.Debug|x86.ActiveCfg = Debug|Win32
		{D1508038-13CF-43D9-ABFA-1780DD0B77B2}.Debug|x86.Build.0 = Debug|Win32
		{D1508038-13CF-43D9-ABFA-1780DD0B77B2}.Release|x64.ActiveCfg = Release|x64
		{D1508038-13CF-43D9-ABFA-1780DD0B77B2}.Release|x64.Build.0 = Release|x64
		{D1508038-13CF-43D9-ABFA-1780DD0B77B2}.Release|x86.ActiveCfg = Release|Win32
		{D1508038-13CF-43D9-ABFA-1780DD0B77B2}.Release|x86.Build.0 = Release|Win32
		{20A27FFC-0DDC-4B8C-86FA-142148F7D393}.Debug|x64.ActiveCfg = Debug|x64
		{20A27FFC-0DDC-4B8C-86FA-142148F7D393}.Debug|x64.Build.0 = Debug|x64
		{20A27FFC-0DDC-4B8C-86FA-142148F7D393}.Debug|x86.ActiveCfg = Debug|Win32
		{20A27FFC-0DDC-4B8C-86FA-142148F7D393}.Debug|x86.Build.0 = Debug|Win32
		{20A27FFC-0DDC-4B8C-86FA-142148F7D393}.Release|x64.ActiveCfg = Release|x64
		{20A27FFC-0DDC-4B8C-86FA-142148F7D393}.Release|x64.Build.0 = Release|x64
		{20A27FFC-0DDC-4B8C-86FA-142148F7D393}.Release|x86.ActiveCfg = Release|Win32
		{20A27FFC-0DDC-4B8C-86FA-142148F7D393}.Release|x86.Build.0 = Release|Win32
		{BE536BEE-DFD8-4C66-BB7F-D3C501430692}.Debug|x64.ActiveCfg = Debug|x64
		{BE536BEE-DFD8-4C66-BB7F-D3C501430692}.Debug|x64.Build.0 = Debug|x64
		{BE536BEE-DFD8-4C66-BB7F-D3C501430692}.Debug|x86.ActiveCfg = Debug|Win32
		{BE536BEE-DFD8-4C66-BB7F-D3C501430692}.Debug|x86.Build.0 = Debug|Win32
		{BE536BEE-DFD8-4C66-BB7F-D3C501430692}.Release|x64.ActiveCfg = Release|x64
		{BE536BEE-DFD8-4C66-BB7F-D3C501430692}.Release|x64.Build.0 = Release|x64
		{BE536BEE-DFD8-4C66-BB7F-D3C501430692}.Release|x86.ActiveCfg = Release|Win32
		{BE536BEE-DFD8-4C66-BB7F-D3C501430692}.Release|x86.Build.0 = Release|Win32
		{D0810D57-2CCA-4A1D-AFE8-4DF9A6134E86}.Debug|x64.ActiveCfg = Debug|x64
		{D0810D57-2CCA-4A1D-AFE8-4DF9A6134E86}.Debug|x64.Build.0 = Debug|x64
		{D0810D57-2CCA-4A1D-AFE8-4DF9A6134E86}.Debug|x86.ActiveCfg = Debug|Win32
		{D0810D57-2CCA-4A1D-AFE8-4DF9A6134E86}.Debug|x86.Build.0 = Debug|Win32
		{D0810D57-2CCA-4A1D-AFE8-4DF9A6134E86}.Release|x64.ActiveCfg = Release|x64
		{D0810D57-2CCA-4A1D-AFE8-4DF9A6134E86}.Release|x64.Build.0 = Release|x64
		{D0810D57-2CCA-4A1D-AFE8-4DF9A6134E86}.Release|x86.ActiveCfg = Release|Win32
		{D0810D57-2CCA-4A1D-AFE8-4DF9A6134E86}.Release|x86.Build.0 = Release|Win32
		{26A73E88-51FD-4277-B341-331A684A56BD}.Debug|x64.ActiveCfg = Debug|x64
		{26A73E88-51FD-4277-B341-331A684A56BD}.Debug|x64.Build.0 = Debug|x64
		{26A73E88-51FD-4277-B341-331A684A56BD}.Debug|x86.ActiveCfg = Debug|Win32
		{26A73E88-51FD-4277-B341-331A684A56BD}.Debug|x86.Build.0 = Debug|Win32
		{26A73E88-51FD-4277-B341-331A684A56BD}.Release|x64.ActiveCfg = Release|x64
		{26A73E88-51FD-4277-B341-331A684A56BD}.Release|x64.Build.0 = Release|x64
		{26A73E88-51FD-4277-B341-331A684A56BD}.Release|x86.ActiveCfg = Release|Win32
		{26A73E88-51FD-4277-B341-331A684A56BD}.Release|x86.Build.0 = Release|Win32
		{3F476190-36E9-4C8E-ADC9-844C260A17C7}.Debug|x64.ActiveCfg = Debug|x64
		{3F476190-36E9-4C8E-ADC9-844C260A17C7}.Debug|x64.Build.0 = Debug|x64
		{3F476190-36E9-4C8E-ADC9-844C260A17C7}.Debug|x86.ActiveCfg = Debug|Win32
		{3F476190-36E9-4C8E-ADC9-844C260A17C7}.Debug|x86.Build.0 = Debug|Win32
		{3F476190-36E9-4C8E-ADC9-844C260A17C7}.Release|x64.ActiveCfg = Release|x64
		{3F476190-36E9-4C8E-ADC9-844C260A17C7}.Release|x64.Build.0 = Release|x64
		{3F476190-36E9-4C8E-ADC9-844C260A17C7}.Release|x86.ActiveCfg = Release|Win32
		{3F476190-36E9-4C8E-ADC9-844C260A17C7}.Release|x86.Build.0 = Release|Win32
		{85BB107C-E02E-4C22-99CC-55CEF170C9BC}.Debug|x64.ActiveCfg = Debug|x64
		{85BB107C-E02E-4C22-99CC-55CEF170C9BC}.Debug|x64.Build.0 = Debug|x64
		{85BB107C-E02E-4C22-99CC-55CEF170C9BC}.Debug|x86.ActiveCfg = Debug|Win32
		{85BB107C-E02E-4C22-99CC-55CEF170C9BC}.Debug|x86.Build.0 = Debug|Win32
		{85BB107C-E02E-4C22-99CC-55CEF170C9BC}.Release|x64.ActiveCfg = Release|x64
		{85BB107C-E02E-4C22-99CC-55CEF170C9BC}.Release|x64.Build.0 = Release|x64
		{85BB107C-E02E-4C22-99CC-55CEF170C9BC}.Release|x86.ActiveCfg = Release|Win32
		{85BB107C-E02E-4C22-99CC-55CEF170C9BC}.Release|x86.Build.0 = Release|Win32
		{C417DFF5-2B08-461A-B2CE-8D41D94A0F3D}.Debug|x64.ActiveCfg = Debug|x64
		{C417DFF5-2B08-461A-B2CE-8D41D94A0F3D}.Debug|x64.Build.0 = Debug|x64
		{C417DFF5-2B08-461A-B2CE-8D41D94A0F3D}.Debug|x86.ActiveCfg = Debug|Win32
		{C417DFF5-2B08-461A-B2CE-8D41D94A0F3D}.Debug|x86.Build.0 = Debug|Win32
		{C417DFF5-2B08-461A-B2CE-8D41D94A0F3D}.Release|x64.ActiveCfg = Release|x64
		{C417DFF5-2B08-461A-B2CE-8D41D94A0F3D}.Release|x64.Build.0 = Release|x64
		{C417DFF5-2B08-461A-B2CE-8D41D94A0F3D}.Release|x86.ActiveCfg = Release|Win32
		{C417DFF5-2B08-461A-B2CE-8D41D94A0F3D}.Release|x86.Build.0 = Release|Win32
		{CB298B4F-3443-4F2E-B937-D9FE2F0F87E1}.Debug|x64.ActiveCfg = Debug|x64
		{CB298B4F-3443-4F2E-B937-D9FE2F0F87E1}.Debug|x64.Build.0 = Debug|x64
		{CB298B4F-3443-4F2E-B937-D9FE2F0F87E1}.Debug|x86.ActiveCfg = Debug|Win32
		{CB298B4F-3443-4F2E-B937-D9FE2F0F87E1}.Debug|x86.Build.0 = Debug|Win32
		{CB298B4F-3443-4F2E-B937-D9FE2F0F87E1}.Release|x64.ActiveCfg = Release|x64
		{CB298B4F-3443-4F2E-B937-D9FE2F0F87E1}.Release|x64.Build.0 = Release|x64
		{CB298B4F-3443-4F2E-B937-D9FE2F0F87E1}.Release|x86.ActiveCfg = Release|Win32
		{CB298B4F-3443-4F2E-B937-D9FE2F0F87E1}.Release|x86.Build.0 = Release|Win32
		{85D615A8-50C9-4CBC-80AB-22AFC330D9BB}.Debug|x64.ActiveCfg = Debug|x64
		{85D615A8-50C9-4CBC-80AB-22AFC330D9BB}.Debug|x64.Build.0 = Debug|x64
		{85D615A8-50C9-4CBC-80AB-22AFC330D9BB}.Debug|x86.ActiveCfg = Debug|Win32
		{85D615A8-50C9-4CBC-80AB-22AFC330D9BB}.Debug|x86.Build.0 = Debug|Win32
		{85D615A8-50C9-4CBC-80AB-22AFC330D9BB}.Release|x64.ActiveCfg = Release|x64
		{85D615A8-50C9-4CBC-80AB-22AFC330D9BB}.Release|x64.Build.0 = Release|x64
		{85D615A8-50C9-4CBC-80AB-22AFC330D9BB}.Release|x86.ActiveCfg = Release|Win32
		{85D615A8-50C9-4CBC-80AB-22AFC330D9BB}.Release|x86.Build.0 = Release|Win32
		{24505341-1ED8-4F22-AF13-C08C391C0532}.Debug|x64.ActiveCfg = Debug|x64
		{24505341-1ED8-4F22-AF13-C08C391C0532}.Debug|x64.Build.0 = Debug|x64
		{24505341-1ED8-4F22-AF13-C08C391C0532}.Debug|x86.ActiveCfg = Debug|Win32
		{24505341-1ED8-4F22-AF13-C08C391C0532}.Debug|x86.Build.0 = Debug|Win32
		{24505341-1ED8-4F22-AF13-C08C391C0532}.Release|x64.ActiveCfg = Release|x64
		{24505341-1ED8-4F22-AF13-C08C391C0532}.Release|x64.Build.0 = Release|x64
		{24505341-1ED8-4F22-AF13-C08C391C0532}.Release|x86.ActiveCfg = Release|Win32
		{24505341-1ED8-4F22-AF13-C08C391C0532}.Release|x86.Build.0 = Release|Win32
		{39730180-D2B3-42AF-937B-64F19744F27E}.Debug|x64.ActiveCfg = Debug|x64
		{39730180-D2B3-42AF-937B-64F19744F27E}.Debug|x64.Build.0 = Debug|x64
		{39730180-D2B3-42AF-937B-64F19744F27E}.Debug|x86.ActiveCfg = Debug|Win32
		{39730180-D2B3-42AF-937B-64F19744F27E}.Debug|x86.Build.0 = Debug|Win32
		{39730180-D2B3-42AF-937B-64F19744F27E}.Release|x64.ActiveCfg = Release|x64
		{39730180-D2B3-42AF-937B-64F19744F27E}.Release|x64.Build.0 = Release|x64
		{39730180-D2B3-42AF-937B-64F19744F27E}.Release|x86.ActiveCfg = Release|Win32
		{39730180-D2B3-42AF-937B-64F19744F27E}.Release|x86.Build.0 = Release|Win32
		{7FE0C48C-DA5B-4769-8393-D0E0AEB4320E}.Debug|x64.ActiveCfg = Debug|x64
		{7FE0C48C-DA5B-4769-8393-D0E0AEB4320E}.Debug|x64.Build.0 = Debug|x64
		{7FE0C48C-DA5B-4769-8393-D0E0AEB4320E}.Debug|x86.ActiveCfg = Debug|Win32
		{7FE0C48C-DA5B-4769-8393-D0E0AEB4320E}.Debug|x86.Build.0 = Debug|Win32
		{7FE0C48C-DA5B-4769-8393-D0E0AEB4320E}.Release|x64.ActiveCfg = Release|x64
		{7FE0C48C-DA5B-4769-8393-D0E0AEB4320E}.Release|x64.Build.0 = Release|x64
		{7FE0C48C-DA5B-4769-8393-D0E0AEB4320E}.Release|x86.ActiveCfg = Release|Win32
		{7FE0C48C-DA5B-4769-8393-D0E0AEB4320E}.Release|x86.Build.0 = Release|Win32
		{C8B440C2-1D1B-4489-B57B-A175FBE0840F}.Debug|x64.ActiveCfg = Debug|x64
		{C8B440C2-1D1B-4489-B57B-A175FBE0840F}.Debug|x64.Build.0 = Debug|x64
		{C8B440C2-1D1B-4489-B57B-A175FBE0840F}.Debug|x86.ActiveCfg = Debug|Win32
		{C8B440C2-1D1B-4489-B57B-A175FBE0840F}.Debug|x86.Build.0 = Debug|Win32
		{C8B440C2-1D1B-4489-B57B-A175FBE0840F}.Release|x64.ActiveCfg = Release|x64
		{C8B440C2-1D1B-4489-B57B-A175FBE0840F}.Release|x64.Build.0 = Release|x64
		{C8B440C2-1D1B-4489-B57B-A175FBE0840F}.Release|x86.ActiveCfg = Release|Win32
		{C8B440C2-1D1B-4489-B57B-A175FBE0840F}.Release|x86.Build.0 = Release|Win32
		{527E6227-A7E2-48BD-8067-581B8907D960}.Debug|x64.ActiveCfg = Debug|x64
		{527E6227-A7E2-48BD-8067-581B8907D960}.Debug|x64.Build.0 = Debug|x64
		{527E6227-A7E2-48BD-8067-581B8907D960}.Debug|x86.ActiveCfg = Debug|Win32
		{527E6227-A7E2-48BD-8067-581B8907D960}.Debug|x86.Build.0 = Debug|Win32
		{527E6227-A7E2-48BD-8067-581B8907D960}.Release|x64.ActiveCfg = Release|x64
		{527E6227-A7E2-48BD-8067-581B8907D960}.Release|x64.Build.0 = Release|x64
		{527E6227-A7E2-48BD-8067-581B8907D960}.Release|x86.ActiveCfg = Release|Win32
		{527E6227-A7E2-48BD-8067-581B8907D960}.Release|x86.Build.0 = Release|Win32
		{34C00915-A4ED-4D1C-A0AE-1CD9E3F1DA02}.Debug|x64.ActiveCfg = Debug|x64
		{34C00915-A4ED-4D1C-A0AE-1CD9E3F1DA02}.Debug|x64.Build.0 = Debug|x64
		{34C00915-A4ED-4D1C-A0AE-1CD9E3F1DA02}.Debug|x86.ActiveCfg = Debug|Win32
		{34C00915-A4ED-4D1C-A0AE-1CD9E3F1DA02}.Debug|x86.Build.0 = Debug|Win32
		{34C00915-A4ED-4D1C-A0AE-1CD9E3F1DA02}.Release|x64.ActiveCfg = Release|x64
		{34C00915-A4ED-4D1C-A0AE-1CD9E3F1DA02}.Release|x64.Build.0 = Release|x64
		{34C00915-A4ED-4D1C-A0AE-1CD9E3F1DA02}.Release|x86.ActiveCfg = Release|Win32
		{34C00915-A4ED-4D1C-A0AE-1CD9E3F1DA02}.Release|x86.Build.0 = Release|Win32
		{4C4A48B8-262A-4962-B77F-4317A315E757}.Debug|x64.ActiveCfg = Debug|x64
		{4C4A48B8-262A-4962-B77F-4317A315E757}.Debug|x64.Build.0 = Debug|x64
		{4C4A48B8-262A-4962-B77F-4317A315E757}.Debug|x86.ActiveCfg = Debug|Win32
		{4C4A48B8-262A-4962-B77F-4317A315E757}.Debug|x86.Build.0 = Debug|Win32
		{4C4A48B8-262A-4962-B77F-4317A315E757}.Release|x64.ActiveCfg = Release|x64
		{4C4A48B8-262A-4962-B77F-4317A315E757}.Release|x64.Build.0 = Release|x64
		{4C4A48B8-262A-4962-B77F-4317A315E757}.Release|x86.ActiveCfg = Release|Win32
		{4C4A48B8-262A-4962-B77F-4317A315E757}.Release|x86.Build.0 = Release|Win32
		{CEE6DFE5-5F29-4B28-A8AC-D63F01EB5FD4}.Debug|x64.ActiveCfg = Debug|x64
		{CEE6DFE5-5F29-4B28-A8AC-D63F01EB5FD4}.Debug|x64.Build.0 = Debug|x64
		{CEE6DFE5-5F29-4B28-A8AC-D63F01EB5FD4}.Debug|x86.ActiveCfg = Debug|Win32
		{CEE6DFE5-5F29-4B28-A8AC-D63F01EB5FD4}.Debug|x86.Build.0 = Debug|Win32
		{CEE6DFE5-5F29-4B28-A8AC-D63F01EB5FD4}.Release|x64.ActiveCfg = Release|x64
		{CEE6DFE5-5F29-4B28-A8AC-D63F01EB5FD4}.Release|x64.Build.0 = Release|x64
		{CEE6DFE5-5F29-4B28-A8AC-D63F01EB5FD4}.Release|x86.ActiveCfg = Release|Win32
		{CEE6DFE5-5F29-4B28-A8AC-D63F01EB5FD4}.Release|x86.Build.0 = Release|Win32
		{89AB1B1E-58E8-4356-ABC0-E959C7307561}.Debug|x64.ActiveCfg = Debug|x64
		{89AB1B1E-58E8-4356-ABC0-E959C7307561}.Debug|x64.Build.0 = Debug|x64
		{89AB1B1E-58E8-4356-ABC0-E959C7307561}.Debug|x86.ActiveCfg = Debug|Win32
		{89AB1B1E-58E8-4356-ABC0-E959C7307561}.Debug|x86.Build.0 = Debug|Win32
		{89AB1B1E-58E8-4356-ABC0-E959C7307561}.Release|x64.ActiveCfg = Release|x64
		{89AB1B1E-58E8-4356-ABC0-E959C7307561}.Release|x64.Build.0 = Release|x64
		{89AB1B1E-58E8-4356-ABC0-E959C7307561}.Release|x86.ActiveCfg = Release|Win32
		{89AB1B1E-58E8-4356-ABC0-E959C7307561}.Release|x86.Build.0 = Release|Win32
		{C60EC198-8395-4240-959E-88AF4B79FBDB}.Debug|x64.ActiveCfg = Debug|x64
		{C60EC198-8395-4240-959E-88AF4B79FBDB}.Debug|x64.Build.0 = Debug|x64
		{C60EC198-8395-4240-959E-88AF4B79FBDB}.Debug|x86.ActiveCfg = Debug|Win32
		{C60EC198-8395-4240-959E-88AF4B79FBDB}.Debug|x86.Build.0 = Debug|Win32
		{C60EC198-8395-4240-959E-88AF4B79FBDB}.Release|x64.ActiveCfg = Release|x64
		{C60EC198-8395-4240-959E-88AF4B79FBDB}.Release|x64.Build.0 = Release|x64
		{C60EC198-8395-4240-959E-88AF4B79FBDB}.Release|x86.ActiveCfg = Release|Win32
		{C60EC198-8395-4240-959E-88AF4B79FBDB}.Release|x86.Build.0 = Release|Win32
		{543847F8-F651-46DC-B913-9032725D17B0}.Debug|x64.ActiveCfg = Debug|x64
		{543847F8-F651-46DC-B913-9032725D17B0}.Debug|x64.Build.0 = Debug|x64
		{543847F8-F651-46DC-B913-9032725D17B0}.Debug|x86.ActiveCfg = Debug|Win32
		{543847F8-F651-46DC-B913-9032725D17B0}.Debug|x86.Build.0 = Debug|Win32
		{543847F8-F651-46DC-B913-9032725D17B0}.Release|x64.ActiveCfg = Release|x64
		{543847F8-F651-46DC-B913-9032725D17B0}.Release|x64.Build.0 = Release|x64
		{543847F8-F651-46DC-B913-9032725D17B0}.Release|x86.ActiveCfg = Release|Win32
		{543847F8-F651-46DC-B913-9032725D17B0}.Release|x86.Build.0 = Release|Win32
		{DEEB505B-9DD0-4266-96CA-7C18148C1AF6}.Debug|x64.ActiveCfg = Debug|x64
		{DEEB505B-9DD0-4266-96CA-7C18148C1AF6}.Debug|x64.Build.0 = Debug|x64
		{DEEB505B-9DD0-4266-96CA-7C18148C1AF6}.Debug|x86.ActiveCfg = Debug|Win32
		{DEEB505B-9DD0-4266-96CA-7C18148C1AF6}.Debug|x86.Build.0 = Debug|Win32
		{DEEB505B-9DD0-4266-96CA-7C18148C1AF6}.Release|x64.ActiveCfg = Release|x64
		{DEEB505B-9DD0-4266-96CA-7C18148C1AF6}.Release|x64.Build.0 = Release|x64
		{DEEB505B-9DD0-4266-96CA-7C18148C1AF6}.Release|x86.ActiveCfg = Release|Win32
		{DEEB505B-9DD0-4266-96CA-7C18148C1AF6}.Release|x86.Build.0 = Release|Win32
		{F5B969B4-E2EE-4351-B0B4-881E7D837802}.Debug|x64.ActiveCfg = Debug|x64
		{F5B969B4-E2EE-4351-B0B4-881E7D837802}.Debug|x64.Build.0 = Debug|x64
		{F5B969B4-E2EE-4351-B0B4-881E7D837802}.Debug|x86.ActiveCfg = Debug|Win32
		{F5B969B4-E2EE-4351-B0B4-881E7D837802}.Debug|x86.Build.0 = Debug|Win32
		{F5B969B4-E2EE-4351-B0B4-881E7D837802}.Release|x64.ActiveCfg = Release|x64
		{F5B969B4-E2EE-4351-B0B4-881E7D837802}.Release|x64.Build.0 = Release|x64
		{F5B969B4-E2EE-4351-B0B4-881E7D837802}.Release|x86.ActiveCfg = Release|Win32
		{F5B969B4-E2EE-4351-B0B4-881E7D837802}.Release|x86.Build.0 = Release|Win32
		{7D4181D5-BE06-4933-848B-4F245E54B948}.Debug|x64.ActiveCfg = Debug|x64
		{7D4181D5-BE06-4933-848B-4F245E54B948}.Debug|x64.Build.0 = Debug|x64
		{7D4181D5-BE06-4933-848B-4F245E54B948}.Debug|x86.ActiveCfg = Debug|Win32
		{7D4181D5-BE06-4933-848B-4F245E54B948}.Debug|x86.Build.0 = Debug|Win32
		{7D4181D5-BE06-4933-848B-4F245E54B948}.Release|x64.ActiveCfg = Release|x64
		{7D4181D5-BE06-4933-848B-4F245E54B948}.Release|x64.Build.0 = Release|x64
		{7D4181D5-BE06-4933-848B-4F245E54B948}.Release|x86.ActiveCfg = Release|Win32
		{7D4181D5-BE06-4933-848B-4F245E54B948}.Release|x86.Build.0 = Release|Win32
		{70A3FD95-3673-444F-9E70-B39BA3DD614E}.Debug|x64.ActiveCfg = Debug|x64
		{70A3FD95-3673-444F-9E70-B39BA3DD614E}.Debug|x64.Build.0 = Debug|x64
		{70A3FD95-3673-444F-9E70-B39BA3DD614E}.Debug|x86.ActiveCfg = Debug|Win32
		{70A3FD95-3673-444F-9E70-B39BA3DD614E}.Debug|x86.Build.0 = Debug|Win32
		{70A3FD95-3673-444F-9E70-B39BA3DD614E}.Release|x64.ActiveCfg = Release|x64
		{70A3FD95-3673-444F-9E70-B39BA3DD614E}.Release|x64.Build.0 = Release|x64
		{70A3FD95-3673-444F-9E70-B39BA3DD614E}.Release|x86.ActiveCfg = Release|Win32
		{70A3FD95-3673-444F-9E70-B39BA3DD614E}.Release|x86.Build.0 = Release|Win32
		{02CCD602-BF22-4F77-89E0-AFAA814D0E97}.Debug|x64.ActiveCfg = Debug|x64
		{02CCD602-BF22-4F77-89E0-AFAA814D0E97}.Debug|x64.Build.0 = Debug|x64
		{02CCD602-BF22-4F77-89E0-AFAA814D0E97}.Debug|x86.ActiveCfg = Debug|Win32
		{02CCD602-BF22-4F77-89E0-AFAA814D0E97}.Debug|x86.Build.0 = Debug|Win32
		{02CCD602-BF22-4F77-89E0-AFAA814D0E97}.Release|x64.ActiveCfg = Release|x64
		{02CCD602-BF22-4F77-89E0-AFAA814D0E97}.Release|x64.Build.0 = Release|x64
		{02CCD602-BF22-4F77-89E0-AFAA814D0E97}.Release|x86.ActiveCfg = Release|Win32
		{02CCD602-BF22-4F77-89E0-AFAA814D0E97}.Release|x86.Build.0 = Release|Win32
		{30436CFC-8C56-43E5-991C-3DA608B71228}.Debug|x64.ActiveCfg = Debug|x64
		{30436CFC-8C56-43E5-991C-3DA608B71228}.Debug|x64.Build.0 = Debug|x64
		{30436CFC-8C56-43E5-991C-3DA608B71228}.Debug|x86.ActiveCfg = Debug|Win32
		{30436CFC-8C56-43E5-991C-3DA608B71228}.Debug|x86.Build.0 = Debug|Win32
		{30436CFC-8C56-43E5-991C-3DA608B71228}.Release|x64.ActiveCfg = Release|x64
		{30436CFC-8C56-43E5-991C-3DA608B71228}.Release|x64.Build.0 = Release|x64
		{30436CFC-8C56-43E5-991C-3DA608B71228}.Release|x86.ActiveCfg = Release|Win32
		{30436CFC-8C56-43E5-991C-3DA608B71228}.Release|x86.Build.0 = Release|Win32
		{F9C13EB0-293D-4C77-BE31-EA45F83B71E5}.Debug|x64.ActiveCfg = Debug|x64
		{F9C13EB0-293D-4C77-BE31-EA45F83B71E5}.Debug|x64.Build.0 = Debug|x64
		{F9C13EB0-293D-4C77-BE31-EA45F83B71E5}.Debug|x86.ActiveCfg = Debug|Win32
		{F9C13EB0-293D-4C77-BE31-EA45F83B71E5}.Debug|x86.Build.0 = Debug|Win32
		{F9C13EB0-293D-4C77-BE31-EA45F83B71E5}.Release|x64.ActiveCfg = Release|x64
		{F9C13EB0-293D-4C77-BE31-EA45F83B71E5}.Release|x64.Build.0 = Release|x64
		{F9C13EB0-293D-4C77-BE31-EA45F83B71E5}.Release|x86.ActiveCfg = Release|Win32
		{F9C13EB0-293D-4C77-BE31-EA45F83B71E5}.Release|x86.Build.0 = Release|Win32
		{C41CA64B-C334-4F5C-B585-004B96545CFC}.Debug|x64.ActiveCfg = Debug|x64
		{C41CA64B-C334-4F5C-B585-004B96545CFC}.Debug|x64.Build.0 = Debug|x64
		{C41CA64B-C334-4F5C-B585-004B96545CFC}.Debug|x86.ActiveCfg = Debug|Win32
		{C41CA64B-C334-4F5C-B585-004B96545CFC}.Debug|x86.Build.0 = Debug|Win32
		{C41CA64B-C334-4F5C-B585-004B96545CFC}.Release|x64.ActiveCfg = Release|x64
		{C41CA64B-C334-4F5C-B585-004B96545CFC}.Release|x64.Build.0 = Release|x64
		{C41CA64B-C334-4F5C-B585-004B96545CFC}.Release|x86.ActiveCfg = Release|Win32
		{C41CA64B-C334-4F5C-B585-004B96545CFC}.Release|x86.Build.0 = Release|Win32
		{47BEE260-4F28-40F4-A48A-0EB6DAAAFF67}.Debug|x64.ActiveCfg = Debug|x64
		{47BEE260-4F28-40F4-A48A-0EB6DAAAFF67}.Debug|x64.Build.0 = Debug|x64
		{47BEE260-4F28-40F4-A48A-0EB6DAAAFF67}.Debug|x86.ActiveCfg = Debug|Win32
		{47BEE260-4F28-40F4-A48A-0EB6DAAAFF67}.Debug|x86.Build.0 = Debug|Win32
		{47BEE260-4F28-40F4-A48A-0EB6DAAAFF67}.Release|x64.ActiveCfg = Release|x64
		{47BEE260-4F28-40F4-A48A-0EB6DAAAFF67}.Release|x64.Build.0 = Release|x64
		{47BEE260-4F28-40F4-A48A-0EB6DAAAFF67}.Release|x86.ActiveCfg = Release|Win32
		{47BEE260-4F28-40F4-A48A-0EB6DAAAFF67}.Release|x86.Build.0 = Release|Win32
		{5AA83DA9-27CE-49E7-9554-5843A4222312}.Debug|x64.ActiveCfg = Debug|x64
		{5AA83DA9-27CE-49E7-9554-5843A4222312}.Debug|x64.Build.0 = Debug|x64
		{5AA83DA9-27CE-49E7-9554-5843A4222312}.Debug|x86.ActiveCfg = Debug|Win32
		{5AA83DA9-27CE-49E7-9554-5843A4222312}.Debug|x86.Build.0 = Debug|Win32
		{5AA83DA9-27CE-49E7-9554-5843A4222312}.Release|x64.ActiveCfg = Release|x64
		{5AA83DA9-27CE-49E7-9554-5843A4222312}.Release|x64.Build.0 = Release|x64
		{5AA83DA9-27CE-49E7-9554-5843A4222312}.Release|x86.ActiveCfg = Release|Win32
		{5AA83DA9-27CE-49E7-9554-5843A4222312}.Release|x86.Build.0 = Release|Win32
		{F6CC8894-F2EB-4699-8CFB-7E88435C58BD}.Debug|x64.ActiveCfg = Debug|x64
		{F6CC8894-F2EB-4699-8CFB-7E88435C58BD}.Debug|x64.Build.0 = Debug|x64
		{F6CC8894-F2EB-4699-8CFB-7E88435C58BD}.Debug|x86.ActiveCfg = Debug|Win32
		{F6CC8894-F2EB-4699-8CFB-7E88435C58BD}.Debug|x86.Build.0 = Debug|Win32
		{F6CC8894-F2EB-4699-8CFB-7E88435C58BD}.Release|x64.ActiveCfg = Release|x64
		{F6CC8894-F2EB-4699-8CFB-7E88435C58BD}.Release|x64.Build.0 = Release|x64
		{F6CC8894-F2EB-4699-8CFB-7E88435C58BD}.Release|x86.ActiveCfg = Release|Win32
		{F6CC8894-F2EB-4699-8CFB-7E88435C58BD}.Release|x86.Build.0 = Release|Win32
	EndGlobalSection
	GlobalSection(SolutionProperties) = preSolution
		HideSolutionNode = FALSE
	EndGlobalSection
	GlobalSection(ExtensibilityGlobals) = postSolution
		SolutionGuid = {FFCC2A77-BC63-4642-8517-E0D001F3751B}
	EndGlobalSection
EndGlobal
