
Microsoft Visual Studio Solution File, Format Version 12.00
# Visual Studio 15
VisualStudioVersion = 15.0.33026.149
MinimumVisualStudioVersion = 10.0.40219.1
Project("{8BC9CEB8-8B4A-11D0-8D11-00A0C91BC942}") = "game_c++", "game_c++\game_c++.vcxproj", "{E747FA77-4446-4DDA-BB32-B0621BDDCF07}"
EndProject
Project("{8BC9CEB8-8B4A-11D0-8D11-00A0C91BC942}") = "game_stats0.1", "game_stats0.1\game_stats0.1.vcxproj", "{95CBACEA-7283-4004-BDCF-4E6EB2E9EBB7}"
EndProject
Project("{8BC9CEB8-8B4A-11D0-8D11-00A0C91BC942}") = "LostFortune", "LostFortune\LostFortune.vcxproj", "{66E85762-3658-4AC2-9123-4FEEEF107C06}"
EndProject
Project("{8BC9CEB8-8B4A-11D0-8D11-00A0C91BC942}") = "homework1", "homework 1\homework 1.vcxproj", "{3A591B65-5139-4E3F-9675-1744F4810BA1}"
EndProject
Project("{8BC9CEB8-8B4A-11D0-8D11-00A0C91BC942}") = "homework_1_1", "homework_1_1\homework_1_1.vcxproj", "{69BC38D2-123A-4420-8181-AA33B888DEF4}"
EndProject
Project("{8BC9CEB8-8B4A-11D0-8D11-00A0C91BC942}") = "menu", "menu\menu.vcxproj", "{06A1A5CC-BD2E-40DD-A568-8A458F44B677}"
EndProject
Project("{8BC9CEB8-8B4A-11D0-8D11-00A0C91BC942}") = "counter_with_exception", "counter_with_exception\counter_with_exception.vcxproj", "{47995494-FBAD-4694-BD30-1228F908BB6D}"
EndProject
Project("{8BC9CEB8-8B4A-11D0-8D11-00A0C91BC942}") = "login", "login\login.vcxproj", "{D1508038-13CF-43D9-ABFA-1780DD0B77B2}"
EndProject
Project("{8BC9CEB8-8B4A-11D0-8D11-00A0C91BC942}") = "randG", "randG\randG.vcxproj", "{20A27FFC-0DDC-4B8C-86FA-142148F7D393}"
EndProject
Project("{8BC9CEB8-8B4A-11D0-8D11-00A0C91BC942}") = "randMyNumber", "randMyNumber\randMyNumber.vcxproj", "{BE536BEE-DFD8-4C66-BB7F-D3C501430692}"
EndProject
Global
	GlobalSection(SolutionConfigurationPlatforms) = preSolution
		Debug|x64 = Debug|x64
		Debug|x86 = Debug|x86
		Release|x64 = Release|x64
		Release|x86 = Release|x86
	EndGlobalSection
	GlobalSection(ProjectConfigurationPlatforms) = postSolution
		{E747FA77-4446-4DDA-BB32-B0621BDDCF07}.Debug|x64.ActiveCfg = Debug|x64
		{E747FA77-4446-4DDA-BB32-B0621BDDCF07}.Debug|x64.Build.0 = Debug|x64
		{E747FA77-4446-4DDA-BB32-B0621BDDCF07}.Debug|x86.ActiveCfg = Debug|Win32
		{E747FA77-4446-4DDA-BB32-B0621BDDCF07}.Debug|x86.Build.0 = Debug|Win32
		{E747FA77-4446-4DDA-BB32-B0621BDDCF07}.Release|x64.ActiveCfg = Release|x64
		{E747FA77-4446-4DDA-BB32-B0621BDDCF07}.Release|x64.Build.0 = Release|x64
		{E747FA77-4446-4DDA-BB32-B0621BDDCF07}.Release|x86.ActiveCfg = Release|Win32
		{E747FA77-4446-4DDA-BB32-B0621BDDCF07}.Release|x86.Build.0 = Release|Win32
		{95CBACEA-7283-4004-BDCF-4E6EB2E9EBB7}.Debug|x64.ActiveCfg = Debug|x64
		{95CBACEA-7283-4004-BDCF-4E6EB2E9EBB7}.Debug|x64.Build.0 = Debug|x64
		{95CBACEA-7283-4004-BDCF-4E6EB2E9EBB7}.Debug|x86.ActiveCfg = Debug|Win32
		{95CBACEA-7283-4004-BDCF-4E6EB2E9EBB7}.Debug|x86.Build.0 = Debug|Win32
		{95CBACEA-7283-4004-BDCF-4E6EB2E9EBB7}.Release|x64.ActiveCfg = Release|x64
		{95CBACEA-7283-4004-BDCF-4E6EB2E9EBB7}.Release|x64.Build.0 = Release|x64
		{95CBACEA-7283-4004-BDCF-4E6EB2E9EBB7}.Release|x86.ActiveCfg = Release|Win32
		{95CBACEA-7283-4004-BDCF-4E6EB2E9EBB7}.Release|x86.Build.0 = Release|Win32
		{66E85762-3658-4AC2-9123-4FEEEF107C06}.Debug|x64.ActiveCfg = Debug|x64
		{66E85762-3658-4AC2-9123-4FEEEF107C06}.Debug|x64.Build.0 = Debug|x64
		{66E85762-3658-4AC2-9123-4FEEEF107C06}.Debug|x86.ActiveCfg = Debug|Win32
		{66E85762-3658-4AC2-9123-4FEEEF107C06}.Debug|x86.Build.0 = Debug|Win32
		{66E85762-3658-4AC2-9123-4FEEEF107C06}.Release|x64.ActiveCfg = Release|x64
		{66E85762-3658-4AC2-9123-4FEEEF107C06}.Release|x64.Build.0 = Release|x64
		{66E85762-3658-4AC2-9123-4FEEEF107C06}.Release|x86.ActiveCfg = Release|Win32
		{66E85762-3658-4AC2-9123-4FEEEF107C06}.Release|x86.Build.0 = Release|Win32
		{3A591B65-5139-4E3F-9675-1744F4810BA1}.Debug|x64.ActiveCfg = Debug|x64
		{3A591B65-5139-4E3F-9675-1744F4810BA1}.Debug|x64.Build.0 = Debug|x64
		{3A591B65-5139-4E3F-9675-1744F4810BA1}.Debug|x86.ActiveCfg = Debug|Win32
		{3A591B65-5139-4E3F-9675-1744F4810BA1}.Debug|x86.Build.0 = Debug|Win32
		{3A591B65-5139-4E3F-9675-1744F4810BA1}.Release|x64.ActiveCfg = Release|x64
		{3A591B65-5139-4E3F-9675-1744F4810BA1}.Release|x64.Build.0 = Release|x64
		{3A591B65-5139-4E3F-9675-1744F4810BA1}.Release|x86.ActiveCfg = Release|Win32
		{3A591B65-5139-4E3F-9675-1744F4810BA1}.Release|x86.Build.0 = Release|Win32
		{69BC38D2-123A-4420-8181-AA33B888DEF4}.Debug|x64.ActiveCfg = Debug|x64
		{69BC38D2-123A-4420-8181-AA33B888DEF4}.Debug|x64.Build.0 = Debug|x64
		{69BC38D2-123A-4420-8181-AA33B888DEF4}.Debug|x86.ActiveCfg = Debug|Win32
		{69BC38D2-123A-4420-8181-AA33B888DEF4}.Debug|x86.Build.0 = Debug|Win32
		{69BC38D2-123A-4420-8181-AA33B888DEF4}.Release|x64.ActiveCfg = Release|x64
		{69BC38D2-123A-4420-8181-AA33B888DEF4}.Release|x64.Build.0 = Release|x64
		{69BC38D2-123A-4420-8181-AA33B888DEF4}.Release|x86.ActiveCfg = Release|Win32
		{69BC38D2-123A-4420-8181-AA33B888DEF4}.Release|x86.Build.0 = Release|Win32
		{06A1A5CC-BD2E-40DD-A568-8A458F44B677}.Debug|x64.ActiveCfg = Debug|x64
		{06A1A5CC-BD2E-40DD-A568-8A458F44B677}.Debug|x64.Build.0 = Debug|x64
		{06A1A5CC-BD2E-40DD-A568-8A458F44B677}.Debug|x86.ActiveCfg = Debug|Win32
		{06A1A5CC-BD2E-40DD-A568-8A458F44B677}.Debug|x86.Build.0 = Debug|Win32
		{06A1A5CC-BD2E-40DD-A568-8A458F44B677}.Release|x64.ActiveCfg = Release|x64
		{06A1A5CC-BD2E-40DD-A568-8A458F44B677}.Release|x64.Build.0 = Release|x64
		{06A1A5CC-BD2E-40DD-A568-8A458F44B677}.Release|x86.ActiveCfg = Release|Win32
		{06A1A5CC-BD2E-40DD-A568-8A458F44B677}.Release|x86.Build.0 = Release|Win32
		{47995494-FBAD-4694-BD30-1228F908BB6D}.Debug|x64.ActiveCfg = Debug|x64
		{47995494-FBAD-4694-BD30-1228F908BB6D}.Debug|x64.Build.0 = Debug|x64
		{47995494-FBAD-4694-BD30-1228F908BB6D}.Debug|x86.ActiveCfg = Debug|Win32
		{47995494-FBAD-4694-BD30-1228F908BB6D}.Debug|x86.Build.0 = Debug|Win32
		{47995494-FBAD-4694-BD30-1228F908BB6D}.Release|x64.ActiveCfg = Release|x64
		{47995494-FBAD-4694-BD30-1228F908BB6D}.Release|x64.Build.0 = Release|x64
		{47995494-FBAD-4694-BD30-1228F908BB6D}.Release|x86.ActiveCfg = Release|Win32
		{47995494-FBAD-4694-BD30-1228F908BB6D}.Release|x86.Build.0 = Release|Win32
		{D1508038-13CF-43D9-ABFA-1780DD0B77B2}.Debug|x64.ActiveCfg = Debug|x64
		{D1508038-13CF-43D9-ABFA-1780DD0B77B2}.Debug|x64.Build.0 = Debug|x64
		{D1508038-13CF-43D9-ABFA-1780DD0B77B2}.Debug|x86.ActiveCfg = Debug|Win32
		{D1508038-13CF-43D9-ABFA-1780DD0B77B2}.Debug|x86.Build.0 = Debug|Win32
		{D1508038-13CF-43D9-ABFA-1780DD0B77B2}.Release|x64.ActiveCfg = Release|x64
		{D1508038-13CF-43D9-ABFA-1780DD0B77B2}.Release|x64.Build.0 = Release|x64
		{D1508038-13CF-43D9-ABFA-1780DD0B77B2}.Release|x86.ActiveCfg = Release|Win32
		{D1508038-13CF-43D9-ABFA-1780DD0B77B2}.Release|x86.Build.0 = Release|Win32
		{20A27FFC-0DDC-4B8C-86FA-142148F7D393}.Debug|x64.ActiveCfg = Debug|x64
		{20A27FFC-0DDC-4B8C-86FA-142148F7D393}.Debug|x64.Build.0 = Debug|x64
		{20A27FFC-0DDC-4B8C-86FA-142148F7D393}.Debug|x86.ActiveCfg = Debug|Win32
		{20A27FFC-0DDC-4B8C-86FA-142148F7D393}.Debug|x86.Build.0 = Debug|Win32
		{20A27FFC-0DDC-4B8C-86FA-142148F7D393}.Release|x64.ActiveCfg = Release|x64
		{20A27FFC-0DDC-4B8C-86FA-142148F7D393}.Release|x64.Build.0 = Release|x64
		{20A27FFC-0DDC-4B8C-86FA-142148F7D393}.Release|x86.ActiveCfg = Release|Win32
		{20A27FFC-0DDC-4B8C-86FA-142148F7D393}.Release|x86.Build.0 = Release|Win32
		{BE536BEE-DFD8-4C66-BB7F-D3C501430692}.Debug|x64.ActiveCfg = Debug|x64
		{BE536BEE-DFD8-4C66-BB7F-D3C501430692}.Debug|x64.Build.0 = Debug|x64
		{BE536BEE-DFD8-4C66-BB7F-D3C501430692}.Debug|x86.ActiveCfg = Debug|Win32
		{BE536BEE-DFD8-4C66-BB7F-D3C501430692}.Debug|x86.Build.0 = Debug|Win32
		{BE536BEE-DFD8-4C66-BB7F-D3C501430692}.Release|x64.ActiveCfg = Release|x64
		{BE536BEE-DFD8-4C66-BB7F-D3C501430692}.Release|x64.Build.0 = Release|x64
		{BE536BEE-DFD8-4C66-BB7F-D3C501430692}.Release|x86.ActiveCfg = Release|Win32
		{BE536BEE-DFD8-4C66-BB7F-D3C501430692}.Release|x86.Build.0 = Release|Win32
	EndGlobalSection
	GlobalSection(SolutionProperties) = preSolution
		HideSolutionNode = FALSE
	EndGlobalSection
	GlobalSection(ExtensibilityGlobals) = postSolution
		SolutionGuid = {FFCC2A77-BC63-4642-8517-E0D001F3751B}
	EndGlobalSection
EndGlobal
